// !$*UTF8*$!
{
	archiveVersion = 1;
	classes = {
	};
	objectVersion = 46;
	objects = {

/* Begin PBXBuildFile section */
		93324F881C59B55500C1762B /* main.m in Sources */ = {isa = PBXBuildFile; fileRef = 93324F871C59B55500C1762B /* main.m */; };
		93324F8B1C59B55500C1762B /* AppDelegate.m in Sources */ = {isa = PBXBuildFile; fileRef = 93324F8A1C59B55500C1762B /* AppDelegate.m */; };
		93324F8E1C59B55500C1762B /* ViewController.m in Sources */ = {isa = PBXBuildFile; fileRef = 93324F8D1C59B55500C1762B /* ViewController.m */; };
		93324F911C59B55500C1762B /* Main.storyboard in Resources */ = {isa = PBXBuildFile; fileRef = 93324F8F1C59B55500C1762B /* Main.storyboard */; };
		93324F931C59B55500C1762B /* Assets.xcassets in Resources */ = {isa = PBXBuildFile; fileRef = 93324F921C59B55500C1762B /* Assets.xcassets */; };
		93324F961C59B55500C1762B /* LaunchScreen.storyboard in Resources */ = {isa = PBXBuildFile; fileRef = 93324F941C59B55500C1762B /* LaunchScreen.storyboard */; };
		93324FA91C59BDFF00C1762B /* SSKeychain.m in Sources */ = {isa = PBXBuildFile; fileRef = 93324FA61C59BDFF00C1762B /* SSKeychain.m */; };
		93324FAA1C59BDFF00C1762B /* SSKeychainQuery.m in Sources */ = {isa = PBXBuildFile; fileRef = 93324FA81C59BDFF00C1762B /* SSKeychainQuery.m */; };
		93324FB01C59C00100C1762B /* Security.framework in Frameworks */ = {isa = PBXBuildFile; fileRef = 93324FAF1C59C00100C1762B /* Security.framework */; };
/* End PBXBuildFile section */

/* Begin PBXFileReference section */
		93324F831C59B55500C1762B /* Example2.app */ = {isa = PBXFileReference; explicitFileType = wrapper.application; includeInIndex = 0; path = Example2.app; sourceTree = BUILT_PRODUCTS_DIR; };
		93324F871C59B55500C1762B /* main.m */ = {isa = PBXFileReference; lastKnownFileType = sourcecode.c.objc; path = main.m; sourceTree = "<group>"; };
		93324F891C59B55500C1762B /* AppDelegate.h */ = {isa = PBXFileReference; lastKnownFileType = sourcecode.c.h; path = AppDelegate.h; sourceTree = "<group>"; };
		93324F8A1C59B55500C1762B /* AppDelegate.m */ = {isa = PBXFileReference; lastKnownFileType = sourcecode.c.objc; path = AppDelegate.m; sourceTree = "<group>"; };
		93324F8C1C59B55500C1762B /* ViewController.h */ = {isa = PBXFileReference; lastKnownFileType = sourcecode.c.h; path = ViewController.h; sourceTree = "<group>"; };
		93324F8D1C59B55500C1762B /* ViewController.m */ = {isa = PBXFileReference; lastKnownFileType = sourcecode.c.objc; path = ViewController.m; sourceTree = "<group>"; };
		93324F901C59B55500C1762B /* Base */ = {isa = PBXFileReference; lastKnownFileType = file.storyboard; name = Base; path = Base.lproj/Main.storyboard; sourceTree = "<group>"; };
		93324F921C59B55500C1762B /* Assets.xcassets */ = {isa = PBXFileReference; lastKnownFileType = folder.assetcatalog; path = Assets.xcassets; sourceTree = "<group>"; };
		93324F951C59B55500C1762B /* Base */ = {isa = PBXFileReference; lastKnownFileType = file.storyboard; name = Base; path = Base.lproj/LaunchScreen.storyboard; sourceTree = "<group>"; };
		93324F971C59B55500C1762B /* Info.plist */ = {isa = PBXFileReference; lastKnownFileType = text.plist.xml; path = Info.plist; sourceTree = "<group>"; };
		93324FA51C59BDFF00C1762B /* SSKeychain.h */ = {isa = PBXFileReference; fileEncoding = 4; lastKnownFileType = sourcecode.c.h; path = SSKeychain.h; sourceTree = "<group>"; };
		93324FA61C59BDFF00C1762B /* SSKeychain.m */ = {isa = PBXFileReference; fileEncoding = 4; lastKnownFileType = sourcecode.c.objc; path = SSKeychain.m; sourceTree = "<group>"; };
		93324FA71C59BDFF00C1762B /* SSKeychainQuery.h */ = {isa = PBXFileReference; fileEncoding = 4; lastKnownFileType = sourcecode.c.h; path = SSKeychainQuery.h; sourceTree = "<group>"; };
		93324FA81C59BDFF00C1762B /* SSKeychainQuery.m */ = {isa = PBXFileReference; fileEncoding = 4; lastKnownFileType = sourcecode.c.objc; path = SSKeychainQuery.m; sourceTree = "<group>"; };
		93324FAF1C59C00100C1762B /* Security.framework */ = {isa = PBXFileReference; lastKnownFileType = wrapper.framework; name = Security.framework; path = System/Library/Frameworks/Security.framework; sourceTree = SDKROOT; };
		9358C64E1C5F455000A9134E /* Example2.entitlements */ = {isa = PBXFileReference; lastKnownFileType = text.xml; path = Example2.entitlements; sourceTree = "<group>"; };
/* End PBXFileReference section */

/* Begin PBXFrameworksBuildPhase section */
		93324F801C59B55500C1762B /* Frameworks */ = {
			isa = PBXFrameworksBuildPhase;
			buildActionMask = 2147483647;
			files = (
				93324FB01C59C00100C1762B /* Security.framework in Frameworks */,
			);
			runOnlyForDeploymentPostprocessing = 0;
		};
/* End PBXFrameworksBuildPhase section */

/* Begin PBXGroup section */
		93324F7A1C59B55500C1762B = {
			isa = PBXGroup;
			children = (
				93324FAF1C59C00100C1762B /* Security.framework */,
				93324F851C59B55500C1762B /* Example2 */,
				93324F841C59B55500C1762B /* Products */,
			);
			sourceTree = "<group>";
		};
		93324F841C59B55500C1762B /* Products */ = {
			isa = PBXGroup;
			children = (
				93324F831C59B55500C1762B /* Example2.app */,
			);
			name = Products;
			sourceTree = "<group>";
		};
		93324F851C59B55500C1762B /* Example2 */ = {
			isa = PBXGroup;
			children = (
				9358C64E1C5F455000A9134E /* Example2.entitlements */,
				93324FA41C59BDFF00C1762B /* SSKeychain */,
				93324F891C59B55500C1762B /* AppDelegate.h */,
				93324F8A1C59B55500C1762B /* AppDelegate.m */,
				93324F8C1C59B55500C1762B /* ViewController.h */,
				93324F8D1C59B55500C1762B /* ViewController.m */,
				93324F8F1C59B55500C1762B /* Main.storyboard */,
				93324F921C59B55500C1762B /* Assets.xcassets */,
				93324F941C59B55500C1762B /* LaunchScreen.storyboard */,
				93324F971C59B55500C1762B /* Info.plist */,
				93324F861C59B55500C1762B /* Supporting Files */,
			);
			path = Example2;
			sourceTree = "<group>";
		};
		93324F861C59B55500C1762B /* Supporting Files */ = {
			isa = PBXGroup;
			children = (
				93324F871C59B55500C1762B /* main.m */,
			);
			name = "Supporting Files";
			sourceTree = "<group>";
		};
		93324FA41C59BDFF00C1762B /* SSKeychain */ = {
			isa = PBXGroup;
			children = (
				93324FA51C59BDFF00C1762B /* SSKeychain.h */,
				93324FA61C59BDFF00C1762B /* SSKeychain.m */,
				93324FA71C59BDFF00C1762B /* SSKeychainQuery.h */,
				93324FA81C59BDFF00C1762B /* SSKeychainQuery.m */,
			);
			path = SSKeychain;
			sourceTree = "<group>";
		};
/* End PBXGroup section */

/* Begin PBXNativeTarget section */
		93324F821C59B55500C1762B /* Example2 */ = {
			isa = PBXNativeTarget;
			buildConfigurationList = 93324F9A1C59B55500C1762B /* Build configuration list for PBXNativeTarget "Example2" */;
			buildPhases = (
				93324F7F1C59B55500C1762B /* Sources */,
				93324F801C59B55500C1762B /* Frameworks */,
				93324F811C59B55500C1762B /* Resources */,
			);
			buildRules = (
			);
			dependencies = (
			);
			name = Example2;
			productName = Example2;
			productReference = 93324F831C59B55500C1762B /* Example2.app */;
			productType = "com.apple.product-type.application";
		};
/* End PBXNativeTarget section */

/* Begin PBXProject section */
		93324F7B1C59B55500C1762B /* Project object */ = {
			isa = PBXProject;
			attributes = {
				LastUpgradeCheck = 0720;
				ORGANIZATIONNAME = lujiangbin;
				TargetAttributes = {
					93324F821C59B55500C1762B = {
						CreatedOnToolsVersion = 7.2;
						DevelopmentTeam = 646262B37M;
						SystemCapabilities = {
							com.apple.ApplicationGroups.iOS = {
								enabled = 1;
							};
							com.apple.Keychain = {
								enabled = 1;
							};
						};
					};
				};
			};
			buildConfigurationList = 93324F7E1C59B55500C1762B /* Build configuration list for PBXProject "Example2" */;
			compatibilityVersion = "Xcode 3.2";
			developmentRegion = English;
			hasScannedForEncodings = 0;
			knownRegions = (
				en,
				Base,
			);
			mainGroup = 93324F7A1C59B55500C1762B;
			productRefGroup = 93324F841C59B55500C1762B /* Products */;
			projectDirPath = "";
			projectRoot = "";
			targets = (
				93324F821C59B55500C1762B /* Example2 */,
			);
		};
/* End PBXProject section */

/* Begin PBXResourcesBuildPhase section */
		93324F811C59B55500C1762B /* Resources */ = {
			isa = PBXResourcesBuildPhase;
			buildActionMask = 2147483647;
			files = (
				93324F961C59B55500C1762B /* LaunchScreen.storyboard in Resources */,
				93324F931C59B55500C1762B /* Assets.xcassets in Resources */,
				93324F911C59B55500C1762B /* Main.storyboard in Resources */,
			);
			runOnlyForDeploymentPostprocessing = 0;
		};
/* End PBXResourcesBuildPhase section */

/* Begin PBXSourcesBuildPhase section */
		93324F7F1C59B55500C1762B /* Sources */ = {
			isa = PBXSourcesBuildPhase;
			buildActionMask = 2147483647;
			files = (
				93324F8E1C59B55500C1762B /* ViewController.m in Sources */,
				93324FAA1C59BDFF00C1762B /* SSKeychainQuery.m in Sources */,
				93324FA91C59BDFF00C1762B /* SSKeychain.m in Sources */,
				93324F8B1C59B55500C1762B /* AppDelegate.m in Sources */,
				93324F881C59B55500C1762B /* main.m in Sources */,
			);
			runOnlyForDeploymentPostprocessing = 0;
		};
/* End PBXSourcesBuildPhase section */

/* Begin PBXVariantGroup section */
		93324F8F1C59B55500C1762B /* Main.storyboard */ = {
			isa = PBXVariantGroup;
			children = (
				93324F901C59B55500C1762B /* Base */,
			);
			name = Main.storyboard;
			sourceTree = "<group>";
		};
		93324F941C59B55500C1762B /* LaunchScreen.storyboard */ = {
			isa = PBXVariantGroup;
			children = (
				93324F951C59B55500C1762B /* Base */,
			);
			name = LaunchScreen.storyboard;
			sourceTree = "<group>";
		};
/* End PBXVariantGroup section */

/* Begin XCBuildConfiguration section */
		93324F981C59B55500C1762B /* Debug */ = {
			isa = XCBuildConfiguration;
			buildSettings = {
				ALWAYS_SEARCH_USER_PATHS = NO;
				CLANG_CXX_LANGUAGE_STANDARD = "gnu++0x";
				CLANG_CXX_LIBRARY = "libc++";
				CLANG_ENABLE_MODULES = YES;
				CLANG_ENABLE_OBJC_ARC = YES;
				CLANG_WARN_BOOL_CONVERSION = YES;
				CLANG_WARN_CONSTANT_CONVERSION = YES;
				CLANG_WARN_DIRECT_OBJC_ISA_USAGE = YES_ERROR;
				CLANG_WARN_EMPTY_BODY = YES;
				CLANG_WARN_ENUM_CONVERSION = YES;
				CLANG_WARN_INT_CONVERSION = YES;
				CLANG_WARN_OBJC_ROOT_CLASS = YES_ERROR;
				CLANG_WARN_UNREACHABLE_CODE = YES;
				CLANG_WARN__DUPLICATE_METHOD_MATCH = YES;
				"CODE_SIGN_IDENTITY[sdk=iphoneos*]" = "iPhone Developer";
				COPY_PHASE_STRIP = NO;
				DEBUG_INFORMATION_FORMAT = dwarf;
				ENABLE_STRICT_OBJC_MSGSEND = YES;
				ENABLE_TESTABILITY = YES;
				GCC_C_LANGUAGE_STANDARD = gnu99;
				GCC_DYNAMIC_NO_PIC = NO;
				GCC_NO_COMMON_BLOCKS = YES;
				GCC_OPTIMIZATION_LEVEL = 0;
				GCC_PREPROCESSOR_DEFINITIONS = (
					"DEBUG=1",
					"$(inherited)",
				);
				GCC_WARN_64_TO_32_BIT_CONVERSION = YES;
				GCC_WARN_ABOUT_RETURN_TYPE = YES_ERROR;
				GCC_WARN_UNDECLARED_SELECTOR = YES;
				GCC_WARN_UNINITIALIZED_AUTOS = YES_AGGRESSIVE;
				GCC_WARN_UNUSED_FUNCTION = YES;
				GCC_WARN_UNUSED_VARIABLE = YES;
				IPHONEOS_DEPLOYMENT_TARGET = 9.2;
				MTL_ENABLE_DEBUG_INFO = YES;
				ONLY_ACTIVE_ARCH = YES;
				SDKROOT = iphoneos;
			};
			name = Debug;
		};
		93324F991C59B55500C1762B /* Release */ = {
			isa = XCBuildConfiguration;
			buildSettings = {
				ALWAYS_SEARCH_USER_PATHS = NO;
				CLANG_CXX_LANGUAGE_STANDARD = "gnu++0x";
				CLANG_CXX_LIBRARY = "libc++";
				CLANG_ENABLE_MODULES = YES;
				CLANG_ENABLE_OBJC_ARC = YES;
				CLANG_WARN_BOOL_CONVERSION = YES;
				CLANG_WARN_CONSTANT_CONVERSION = YES;
				CLANG_WARN_DIRECT_OBJC_ISA_USAGE = YES_ERROR;
				CLANG_WARN_EMPTY_BODY = YES;
				CLANG_WARN_ENUM_CONVERSION = YES;
				CLANG_WARN_INT_CONVERSION = YES;
				CLANG_WARN_OBJC_ROOT_CLASS = YES_ERROR;
				CLANG_WARN_UNREACHABLE_CODE = YES;
				CLANG_WARN__DUPLICATE_METHOD_MATCH = YES;
				"CODE_SIGN_IDENTITY[sdk=iphoneos*]" = "iPhone Developer";
				COPY_PHASE_STRIP = NO;
				DEBUG_INFORMATION_FORMAT = "dwarf-with-dsym";
				ENABLE_NS_ASSERTIONS = NO;
				ENABLE_STRICT_OBJC_MSGSEND = YES;
				GCC_C_LANGUAGE_STANDARD = gnu99;
				GCC_NO_COMMON_BLOCKS = YES;
				GCC_WARN_64_TO_32_BIT_CONVERSION = YES;
				GCC_WARN_ABOUT_RETURN_TYPE = YES_ERROR;
				GCC_WARN_UNDECLARED_SELECTOR = YES;
				GCC_WARN_UNINITIALIZED_AUTOS = YES_AGGRESSIVE;
				GCC_WARN_UNUSED_FUNCTION = YES;
				GCC_WARN_UNUSED_VARIABLE = YES;
				IPHONEOS_DEPLOYMENT_TARGET = 9.2;
				MTL_ENABLE_DEBUG_INFO = NO;
				SDKROOT = iphoneos;
				VALIDATE_PRODUCT = YES;
			};
			name = Release;
		};
		93324F9B1C59B55500C1762B /* Debug */ = {
			isa = XCBuildConfiguration;
			buildSettings = {
				ASSETCATALOG_COMPILER_APPICON_NAME = AppIcon;
				CODE_SIGN_ENTITLEMENTS = Example2/Example2.entitlements;
				CODE_SIGN_IDENTITY = "iPhone Developer";
				"CODE_SIGN_IDENTITY[sdk=iphoneos*]" = "iPhone Developer";
				INFOPLIST_FILE = Example2/Info.plist;
				LD_RUNPATH_SEARCH_PATHS = "$(inherited) @executable_path/Frameworks";
				PRODUCT_BUNDLE_IDENTIFIER = lujiangbin.Example2;
				PRODUCT_NAME = "$(TARGET_NAME)";
				PROVISIONING_PROFILE = "";
			};
			name = Debug;
		};
		93324F9C1C59B55500C1762B /* Release */ = {
			isa = XCBuildConfiguration;
			buildSettings = {
				ASSETCATALOG_COMPILER_APPICON_NAME = AppIcon;
				CODE_SIGN_ENTITLEMENTS = Example2/Example2.entitlements;
				CODE_SIGN_IDENTITY = "iPhone Developer";
				"CODE_SIGN_IDENTITY[sdk=iphoneos*]" = "iPhone Developer";
				INFOPLIST_FILE = Example2/Info.plist;
				LD_RUNPATH_SEARCH_PATHS = "$(inherited) @executable_path/Frameworks";
				PRODUCT_BUNDLE_IDENTIFIER = lujiangbin.Example2;
				PRODUCT_NAME = "$(TARGET_NAME)";
				PROVISIONING_PROFILE = "";
			};
			name = Release;
		};
/* End XCBuildConfiguration section */

/* Begin XCConfigurationList section */
		93324F7E1C59B55500C1762B /* Build configuration list for PBXProject "Example2" */ = {
			isa = XCConfigurationList;
			buildConfigurations = (
				93324F981C59B55500C1762B /* Debug */,
				93324F991C59B55500C1762B /* Release */,
			);
			defaultConfigurationIsVisible = 0;
			defaultConfigurationName = Release;
		};
		93324F9A1C59B55500C1762B /* Build configuration list for PBXNativeTarget "Example2" */ = {
			isa = XCConfigurationList;
			buildConfigurations = (
				93324F9B1C59B55500C1762B /* Debug */,
				93324F9C1C59B55500C1762B /* Release */,
			);
			defaultConfigurationIsVisible = 0;
			defaultConfigurationName = Release;
		};
/* End XCConfigurationList section */
	};
	rootObject = 93324F7B1C59B55500C1762B /* Project object */;
}
